
Microsoft Visual Studio Solution File, Format Version 12.00
# Visual Studio Version 16
VisualStudioVersion = 16.0.29806.167
MinimumVisualStudioVersion = 10.0.40219.1
Project("{9A19103F-16F7-4668-BE54-9A1E7A4F7556}") = "coreVirtualRigBus", "coreVirtualRigBus.csproj", "{6BC7E4B6-E91C-433D-8F64-D98634483457}"
EndProject
Project("{9A19103F-16F7-4668-BE54-9A1E7A4F7556}") = "CoreHambusCommonLibrary", "..\..\commonLib\HambusCommonLibrary\CoreHambusCommonLibrary.csproj", "{28382A98-D948-4F33-A0BE-2799BC61AA8A}"
EndProject
Project("{9A19103F-16F7-4668-BE54-9A1E7A4F7556}") = "CoreVirtualKenwoodBus", "..\VirtualKenwoodBus\CoreVirtualKenwoodBus.csproj", "{E858E525-0A76-421E-B762-1B531CBCC077}"
EndProject
Global
	GlobalSection(SolutionConfigurationPlatforms) = preSolution
		Debug|Any CPU = Debug|Any CPU
		Release|Any CPU = Release|Any CPU
	EndGlobalSection
	GlobalSection(ProjectConfigurationPlatforms) = postSolution
		{6BC7E4B6-E91C-433D-8F64-D98634483457}.Debug|Any CPU.ActiveCfg = Debug|Any CPU
		{6BC7E4B6-E91C-433D-8F64-D98634483457}.Debug|Any CPU.Build.0 = Debug|Any CPU
		{6BC7E4B6-E91C-433D-8F64-D98634483457}.Release|Any CPU.ActiveCfg = Release|Any CPU
		{6BC7E4B6-E91C-433D-8F64-D98634483457}.Release|Any CPU.Build.0 = Release|Any CPU
		{28382A98-D948-4F33-A0BE-2799BC61AA8A}.Debug|Any CPU.ActiveCfg = Debug|Any CPU
		{28382A98-D948-4F33-A0BE-2799BC61AA8A}.Debug|Any CPU.Build.0 = Debug|Any CPU
		{28382A98-D948-4F33-A0BE-2799BC61AA8A}.Release|Any CPU.ActiveCfg = Release|Any CPU
		{28382A98-D948-4F33-A0BE-2799BC61AA8A}.Release|Any CPU.Build.0 = Release|Any CPU
		{E858E525-0A76-421E-B762-1B531CBCC077}.Debug|Any CPU.ActiveCfg = Debug|Any CPU
		{E858E525-0A76-421E-B762-1B531CBCC077}.Debug|Any CPU.Build.0 = Debug|Any CPU
		{E858E525-0A76-421E-B762-1B531CBCC077}.Release|Any CPU.ActiveCfg = Release|Any CPU
		{E858E525-0A76-421E-B762-1B531CBCC077}.Release|Any CPU.Build.0 = Release|Any CPU
	EndGlobalSection
	GlobalSection(SolutionProperties) = preSolution
		HideSolutionNode = FALSE
	EndGlobalSection
	GlobalSection(ExtensibilityGlobals) = postSolution
		SolutionGuid = {6E295BB9-48A4-4157-A00A-CCE352158EA6}
	EndGlobalSection
EndGlobal
